
Microsoft Visual Studio Solution File, Format Version 12.00
# Visual Studio 15
VisualStudioVersion = 15.0.27428.2043
MinimumVisualStudioVersion = 10.0.40219.1
Project("{FAE04EC0-301F-11D3-BF4B-00C04F79EFBC}") = "CycleProvider.Library", "CycleProvider.Library.csproj", "{2FD4B666-14C1-4FAB-81A9-F18335BECCFA}"
EndProject
Project("{FAE04EC0-301F-11D3-BF4B-00C04F79EFBC}") = "CycleProvider.Contracts", "..\CycleProvider.Contracts\CycleProvider.Contracts.csproj", "{666280D5-2F68-46BA-A6D9-C2FE38B6BDD2}"
EndProject
Project("{FAE04EC0-301F-11D3-BF4B-00C04F79EFBC}") = "CycleProvider.Library.Tests", "..\CycleProvider.Library.Tests\CycleProvider.Library.Tests\CycleProvider.Library.Tests.csproj", "{B0EAED1D-9F5A-460F-A150-CA4606911B9A}"
EndProject
Project("{FAE04EC0-301F-11D3-BF4B-00C04F79EFBC}") = "CycleProvider.WpfApp", "..\CycleProvider.WpfApp\CycleProvider.WpfApp.csproj", "{69FEF44F-DF4C-4720-9373-66A60F2CA68E}"
EndProject
Project("{FAE04EC0-301F-11D3-BF4B-00C04F79EFBC}") = "CycleProvider.ConsoleApp", "..\..\CycleProvider.ConsoleApp\CycleProvider.ConsoleApp\CycleProvider.ConsoleApp.csproj", "{BF14D556-938B-421B-B26B-4B84D713B7E2}"
EndProject
Project("{FAE04EC0-301F-11D3-BF4B-00C04F79EFBC}") = "CycleProvider.ConsolParallel", "CycleProvider.ConsolParallel\CycleProvider.ConsolParallel.csproj", "{F9992334-6FBD-4328-AAC2-89F101F6E106}"
EndProject
Project("{FAE04EC0-301F-11D3-BF4B-00C04F79EFBC}") = "CycleProvider.CalculatorService", "CycleProvider.CalculatorService\CycleProvider.CalculatorService.csproj", "{83ED8877-B1EE-431B-9681-21BBF584EC30}"
EndProject
Project("{FAE04EC0-301F-11D3-BF4B-00C04F79EFBC}") = "CycleProvider.MVC", "CycleProvider.MVC\CycleProvider.MVC.csproj", "{9A0ADBD4-EEA2-4468-AE72-5B90F4746F87}"
EndProject
Global
	GlobalSection(SolutionConfigurationPlatforms) = preSolution
		Debug|Any CPU = Debug|Any CPU
		Release|Any CPU = Release|Any CPU
	EndGlobalSection
	GlobalSection(ProjectConfigurationPlatforms) = postSolution
		{2FD4B666-14C1-4FAB-81A9-F18335BECCFA}.Debug|Any CPU.ActiveCfg = Debug|Any CPU
		{2FD4B666-14C1-4FAB-81A9-F18335BECCFA}.Debug|Any CPU.Build.0 = Debug|Any CPU
		{2FD4B666-14C1-4FAB-81A9-F18335BECCFA}.Release|Any CPU.ActiveCfg = Release|Any CPU
		{2FD4B666-14C1-4FAB-81A9-F18335BECCFA}.Release|Any CPU.Build.0 = Release|Any CPU
		{666280D5-2F68-46BA-A6D9-C2FE38B6BDD2}.Debug|Any CPU.ActiveCfg = Debug|Any CPU
		{666280D5-2F68-46BA-A6D9-C2FE38B6BDD2}.Debug|Any CPU.Build.0 = Debug|Any CPU
		{666280D5-2F68-46BA-A6D9-C2FE38B6BDD2}.Release|Any CPU.ActiveCfg = Release|Any CPU
		{666280D5-2F68-46BA-A6D9-C2FE38B6BDD2}.Release|Any CPU.Build.0 = Release|Any CPU
		{B0EAED1D-9F5A-460F-A150-CA4606911B9A}.Debug|Any CPU.ActiveCfg = Debug|Any CPU
		{B0EAED1D-9F5A-460F-A150-CA4606911B9A}.Debug|Any CPU.Build.0 = Debug|Any CPU
		{B0EAED1D-9F5A-460F-A150-CA4606911B9A}.Release|Any CPU.ActiveCfg = Release|Any CPU
		{B0EAED1D-9F5A-460F-A150-CA4606911B9A}.Release|Any CPU.Build.0 = Release|Any CPU
		{69FEF44F-DF4C-4720-9373-66A60F2CA68E}.Debug|Any CPU.ActiveCfg = Debug|Any CPU
		{69FEF44F-DF4C-4720-9373-66A60F2CA68E}.Debug|Any CPU.Build.0 = Debug|Any CPU
		{69FEF44F-DF4C-4720-9373-66A60F2CA68E}.Release|Any CPU.ActiveCfg = Release|Any CPU
		{69FEF44F-DF4C-4720-9373-66A60F2CA68E}.Release|Any CPU.Build.0 = Release|Any CPU
		{BF14D556-938B-421B-B26B-4B84D713B7E2}.Debug|Any CPU.ActiveCfg = Debug|Any CPU
		{BF14D556-938B-421B-B26B-4B84D713B7E2}.Debug|Any CPU.Build.0 = Debug|Any CPU
		{BF14D556-938B-421B-B26B-4B84D713B7E2}.Release|Any CPU.ActiveCfg = Release|Any CPU
		{BF14D556-938B-421B-B26B-4B84D713B7E2}.Release|Any CPU.Build.0 = Release|Any CPU
		{F9992334-6FBD-4328-AAC2-89F101F6E106}.Debug|Any CPU.ActiveCfg = Debug|Any CPU
		{F9992334-6FBD-4328-AAC2-89F101F6E106}.Debug|Any CPU.Build.0 = Debug|Any CPU
		{F9992334-6FBD-4328-AAC2-89F101F6E106}.Release|Any CPU.ActiveCfg = Release|Any CPU
		{F9992334-6FBD-4328-AAC2-89F101F6E106}.Release|Any CPU.Build.0 = Release|Any CPU
		{83ED8877-B1EE-431B-9681-21BBF584EC30}.Debug|Any CPU.ActiveCfg = Debug|Any CPU
		{83ED8877-B1EE-431B-9681-21BBF584EC30}.Debug|Any CPU.Build.0 = Debug|Any CPU
		{83ED8877-B1EE-431B-9681-21BBF584EC30}.Release|Any CPU.ActiveCfg = Release|Any CPU
		{83ED8877-B1EE-431B-9681-21BBF584EC30}.Release|Any CPU.Build.0 = Release|Any CPU
		{9A0ADBD4-EEA2-4468-AE72-5B90F4746F87}.Debug|Any CPU.ActiveCfg = Debug|Any CPU
		{9A0ADBD4-EEA2-4468-AE72-5B90F4746F87}.Debug|Any CPU.Build.0 = Debug|Any CPU
		{9A0ADBD4-EEA2-4468-AE72-5B90F4746F87}.Release|Any CPU.ActiveCfg = Release|Any CPU
		{9A0ADBD4-EEA2-4468-AE72-5B90F4746F87}.Release|Any CPU.Build.0 = Release|Any CPU
	EndGlobalSection
	GlobalSection(SolutionProperties) = preSolution
		HideSolutionNode = FALSE
	EndGlobalSection
	GlobalSection(ExtensibilityGlobals) = postSolution
		SolutionGuid = {BB86A0E9-B794-4956-ABC3-B3524BB13C4D}
	EndGlobalSection
EndGlobal
